
Microsoft Visual Studio Solution File, Format Version 12.00
Project("{FAE04EC0-301F-11D3-BF4B-00C04F79EFBC}") = "ExampleSolution.TestProject", "src\ExampleSolution.TestProject\ExampleSolution.TestProject.csproj", "{EB00FE7F-8277-404E-9DB6-C7E250632C63}"
EndProject
Project("{FAE04EC0-301F-11D3-BF4B-00C04F79EFBC}") = "ExampleSolution.Db", "src\ExampleSolution.Db\ExampleSolution.Db.csproj", "{98CBAAF2-D949-4715-9A61-96FFBD607DCC}"
EndProject
Global
	GlobalSection(SolutionConfigurationPlatforms) = preSolution
		Debug|Any CPU = Debug|Any CPU
		Release|Any CPU = Release|Any CPU
	EndGlobalSection
	GlobalSection(ProjectConfigurationPlatforms) = postSolution
		{EB00FE7F-8277-404E-9DB6-C7E250632C63}.Debug|Any CPU.ActiveCfg = Debug|Any CPU
		{EB00FE7F-8277-404E-9DB6-C7E250632C63}.Debug|Any CPU.Build.0 = Debug|Any CPU
		{EB00FE7F-8277-404E-9DB6-C7E250632C63}.Release|Any CPU.ActiveCfg = Release|Any CPU
		{EB00FE7F-8277-404E-9DB6-C7E250632C63}.Release|Any CPU.Build.0 = Release|Any CPU
		{98CBAAF2-D949-4715-9A61-96FFBD607DCC}.Debug|Any CPU.ActiveCfg = Debug|Any CPU
		{98CBAAF2-D949-4715-9A61-96FFBD607DCC}.Debug|Any CPU.Build.0 = Debug|Any CPU
		{98CBAAF2-D949-4715-9A61-96FFBD607DCC}.Release|Any CPU.ActiveCfg = Release|Any CPU
		{98CBAAF2-D949-4715-9A61-96FFBD607DCC}.Release|Any CPU.Build.0 = Release|Any CPU
	EndGlobalSection
EndGlobal
